// !$*UTF8*$!
{
	archiveVersion = 1;
	classes = {
	};
	objectVersion = 46;
	objects = {

/* Begin PBXBuildFile section */
		CD6A46DD1E9CEEC300F110C0 /* AppDelegate.swift in Sources */ = {isa = PBXBuildFile; fileRef = CD6A46DC1E9CEEC300F110C0 /* AppDelegate.swift */; };
		CD6A46DF1E9CEEC300F110C0 /* Assets.xcassets in Resources */ = {isa = PBXBuildFile; fileRef = CD6A46DE1E9CEEC300F110C0 /* Assets.xcassets */; };
		CD6A46E21E9CEEC300F110C0 /* MainMenu.xib in Resources */ = {isa = PBXBuildFile; fileRef = CD6A46E01E9CEEC300F110C0 /* MainMenu.xib */; };
		CD6A46EA1E9CF39200F110C0 /* StatusMenuController.swift in Sources */ = {isa = PBXBuildFile; fileRef = CD6A46E91E9CF39200F110C0 /* StatusMenuController.swift */; };
		CD6A46EC1E9CF92800F110C0 /* Reachability.swift in Sources */ = {isa = PBXBuildFile; fileRef = CD6A46EB1E9CF92800F110C0 /* Reachability.swift */; };
		CDE5864E1E9CFD0E00E14627 /* SpeedView.swift in Sources */ = {isa = PBXBuildFile; fileRef = CDE5864D1E9CFD0E00E14627 /* SpeedView.swift */; };
/* End PBXBuildFile section */

/* Begin PBXFileReference section */
		CD6A46D91E9CEEC300F110C0 /* NetStat.app */ = {isa = PBXFileReference; explicitFileType = wrapper.application; includeInIndex = 0; path = NetStat.app; sourceTree = BUILT_PRODUCTS_DIR; };
		CD6A46DC1E9CEEC300F110C0 /* AppDelegate.swift */ = {isa = PBXFileReference; lastKnownFileType = sourcecode.swift; path = AppDelegate.swift; sourceTree = "<group>"; };
		CD6A46DE1E9CEEC300F110C0 /* Assets.xcassets */ = {isa = PBXFileReference; lastKnownFileType = folder.assetcatalog; path = Assets.xcassets; sourceTree = "<group>"; };
		CD6A46E11E9CEEC300F110C0 /* Base */ = {isa = PBXFileReference; lastKnownFileType = file.xib; name = Base; path = Base.lproj/MainMenu.xib; sourceTree = "<group>"; };
		CD6A46E31E9CEEC300F110C0 /* Info.plist */ = {isa = PBXFileReference; lastKnownFileType = text.plist.xml; path = Info.plist; sourceTree = "<group>"; };
		CD6A46E91E9CF39200F110C0 /* StatusMenuController.swift */ = {isa = PBXFileReference; fileEncoding = 4; lastKnownFileType = sourcecode.swift; path = StatusMenuController.swift; sourceTree = "<group>"; };
		CD6A46EB1E9CF92800F110C0 /* Reachability.swift */ = {isa = PBXFileReference; fileEncoding = 4; lastKnownFileType = sourcecode.swift; path = Reachability.swift; sourceTree = "<group>"; };
		CDE5864D1E9CFD0E00E14627 /* SpeedView.swift */ = {isa = PBXFileReference; fileEncoding = 4; lastKnownFileType = sourcecode.swift; path = SpeedView.swift; sourceTree = "<group>"; };
/* End PBXFileReference section */

/* Begin PBXFrameworksBuildPhase section */
		CD6A46D61E9CEEC300F110C0 /* Frameworks */ = {
			isa = PBXFrameworksBuildPhase;
			buildActionMask = 2147483647;
			files = (
			);
			runOnlyForDeploymentPostprocessing = 0;
		};
/* End PBXFrameworksBuildPhase section */

/* Begin PBXGroup section */
		CD6A46D01E9CEEC300F110C0 = {
			isa = PBXGroup;
			children = (
				CD6A46DB1E9CEEC300F110C0 /* NetStat */,
				CD6A46DA1E9CEEC300F110C0 /* Products */,
			);
			sourceTree = "<group>";
		};
		CD6A46DA1E9CEEC300F110C0 /* Products */ = {
			isa = PBXGroup;
			children = (
				CD6A46D91E9CEEC300F110C0 /* NetStat.app */,
			);
			name = Products;
			sourceTree = "<group>";
		};
		CD6A46DB1E9CEEC300F110C0 /* NetStat */ = {
			isa = PBXGroup;
			children = (
				CD6A46DC1E9CEEC300F110C0 /* AppDelegate.swift */,
				CD6A46E91E9CF39200F110C0 /* StatusMenuController.swift */,
				CD6A46EB1E9CF92800F110C0 /* Reachability.swift */,
				CD6A46DE1E9CEEC300F110C0 /* Assets.xcassets */,
				CD6A46E01E9CEEC300F110C0 /* MainMenu.xib */,
				CDE5864D1E9CFD0E00E14627 /* SpeedView.swift */,
				CD6A46E31E9CEEC300F110C0 /* Info.plist */,
			);
			path = NetStat;
			sourceTree = "<group>";
		};
/* End PBXGroup section */

/* Begin PBXNativeTarget section */
		CD6A46D81E9CEEC300F110C0 /* NetStat */ = {
			isa = PBXNativeTarget;
			buildConfigurationList = CD6A46E61E9CEEC300F110C0 /* Build configuration list for PBXNativeTarget "NetStat" */;
			buildPhases = (
				CD6A46D51E9CEEC300F110C0 /* Sources */,
				CD6A46D61E9CEEC300F110C0 /* Frameworks */,
				CD6A46D71E9CEEC300F110C0 /* Resources */,
			);
			buildRules = (
			);
			dependencies = (
			);
			name = NetStat;
			productName = NetStat;
			productReference = CD6A46D91E9CEEC300F110C0 /* NetStat.app */;
			productType = "com.apple.product-type.application";
		};
/* End PBXNativeTarget section */

/* Begin PBXProject section */
		CD6A46D11E9CEEC300F110C0 /* Project object */ = {
			isa = PBXProject;
			attributes = {
				LastSwiftUpdateCheck = 0820;
				LastUpgradeCheck = 0820;
				ORGANIZATIONNAME = GDG;
				TargetAttributes = {
					CD6A46D81E9CEEC300F110C0 = {
						CreatedOnToolsVersion = 8.2.1;
						ProvisioningStyle = Automatic;
					};
				};
			};
			buildConfigurationList = CD6A46D41E9CEEC300F110C0 /* Build configuration list for PBXProject "NetStat" */;
			compatibilityVersion = "Xcode 3.2";
			developmentRegion = English;
			hasScannedForEncodings = 0;
			knownRegions = (
				en,
				Base,
			);
			mainGroup = CD6A46D01E9CEEC300F110C0;
			productRefGroup = CD6A46DA1E9CEEC300F110C0 /* Products */;
			projectDirPath = "";
			projectRoot = "";
			targets = (
				CD6A46D81E9CEEC300F110C0 /* NetStat */,
			);
		};
/* End PBXProject section */

/* Begin PBXResourcesBuildPhase section */
		CD6A46D71E9CEEC300F110C0 /* Resources */ = {
			isa = PBXResourcesBuildPhase;
			buildActionMask = 2147483647;
			files = (
				CD6A46DF1E9CEEC300F110C0 /* Assets.xcassets in Resources */,
				CD6A46E21E9CEEC300F110C0 /* MainMenu.xib in Resources */,
			);
			runOnlyForDeploymentPostprocessing = 0;
		};
/* End PBXResourcesBuildPhase section */

/* Begin PBXSourcesBuildPhase section */
		CD6A46D51E9CEEC300F110C0 /* Sources */ = {
			isa = PBXSourcesBuildPhase;
			buildActionMask = 2147483647;
			files = (
				CD6A46EA1E9CF39200F110C0 /* StatusMenuController.swift in Sources */,
				CD6A46DD1E9CEEC300F110C0 /* AppDelegate.swift in Sources */,
				CDE5864E1E9CFD0E00E14627 /* SpeedView.swift in Sources */,
				CD6A46EC1E9CF92800F110C0 /* Reachability.swift in Sources */,
			);
			runOnlyForDeploymentPostprocessing = 0;
		};
/* End PBXSourcesBuildPhase section */

/* Begin PBXVariantGroup section */
		CD6A46E01E9CEEC300F110C0 /* MainMenu.xib */ = {
			isa = PBXVariantGroup;
			children = (
				CD6A46E11E9CEEC300F110C0 /* Base */,
			);
			name = MainMenu.xib;
			sourceTree = "<group>";
		};
/* End PBXVariantGroup section */

/* Begin XCBuildConfiguration section */
		CD6A46E41E9CEEC300F110C0 /* Debug */ = {
			isa = XCBuildConfiguration;
			buildSettings = {
				ALWAYS_SEARCH_USER_PATHS = NO;
				CLANG_ANALYZER_NONNULL = YES;
				CLANG_CXX_LANGUAGE_STANDARD = "gnu++0x";
				CLANG_CXX_LIBRARY = "libc++";
				CLANG_ENABLE_MODULES = YES;
				CLANG_ENABLE_OBJC_ARC = YES;
				CLANG_WARN_BOOL_CONVERSION = YES;
				CLANG_WARN_CONSTANT_CONVERSION = YES;
				CLANG_WARN_DIRECT_OBJC_ISA_USAGE = YES_ERROR;
				CLANG_WARN_DOCUMENTATION_COMMENTS = YES;
				CLANG_WARN_EMPTY_BODY = YES;
				CLANG_WARN_ENUM_CONVERSION = YES;
				CLANG_WARN_INFINITE_RECURSION = YES;
				CLANG_WARN_INT_CONVERSION = YES;
				CLANG_WARN_OBJC_ROOT_CLASS = YES_ERROR;
				CLANG_WARN_SUSPICIOUS_MOVE = YES;
				CLANG_WARN_UNREACHABLE_CODE = YES;
				CLANG_WARN__DUPLICATE_METHOD_MATCH = YES;
				CODE_SIGN_IDENTITY = "-";
				COPY_PHASE_STRIP = NO;
				DEBUG_INFORMATION_FORMAT = dwarf;
				ENABLE_STRICT_OBJC_MSGSEND = YES;
				ENABLE_TESTABILITY = YES;
				GCC_C_LANGUAGE_STANDARD = gnu99;
				GCC_DYNAMIC_NO_PIC = NO;
				GCC_NO_COMMON_BLOCKS = YES;
				GCC_OPTIMIZATION_LEVEL = 0;
				GCC_PREPROCESSOR_DEFINITIONS = (
					"DEBUG=1",
					"$(inherited)",
				);
				GCC_WARN_64_TO_32_BIT_CONVERSION = YES;
				GCC_WARN_ABOUT_RETURN_TYPE = YES_ERROR;
				GCC_WARN_UNDECLARED_SELECTOR = YES;
				GCC_WARN_UNINITIALIZED_AUTOS = YES_AGGRESSIVE;
				GCC_WARN_UNUSED_FUNCTION = YES;
				GCC_WARN_UNUSED_VARIABLE = YES;
				MACOSX_DEPLOYMENT_TARGET = 10.12;
				MTL_ENABLE_DEBUG_INFO = YES;
				ONLY_ACTIVE_ARCH = YES;
				SDKROOT = macosx;
				SWIFT_ACTIVE_COMPILATION_CONDITIONS = DEBUG;
				SWIFT_OPTIMIZATION_LEVEL = "-Onone";
			};
			name = Debug;
		};
		CD6A46E51E9CEEC300F110C0 /* Release */ = {
			isa = XCBuildConfiguration;
			buildSettings = {
				ALWAYS_SEARCH_USER_PATHS = NO;
				CLANG_ANALYZER_NONNULL = YES;
				CLANG_CXX_LANGUAGE_STANDARD = "gnu++0x";
				CLANG_CXX_LIBRARY = "libc++";
				CLANG_ENABLE_MODULES = YES;
				CLANG_ENABLE_OBJC_ARC = YES;
				CLANG_WARN_BOOL_CONVERSION = YES;
				CLANG_WARN_CONSTANT_CONVERSION = YES;
				CLANG_WARN_DIRECT_OBJC_ISA_USAGE = YES_ERROR;
				CLANG_WARN_DOCUMENTATION_COMMENTS = YES;
				CLANG_WARN_EMPTY_BODY = YES;
				CLANG_WARN_ENUM_CONVERSION = YES;
				CLANG_WARN_INFINITE_RECURSION = YES;
				CLANG_WARN_INT_CONVERSION = YES;
				CLANG_WARN_OBJC_ROOT_CLASS = YES_ERROR;
				CLANG_WARN_SUSPICIOUS_MOVE = YES;
				CLANG_WARN_UNREACHABLE_CODE = YES;
				CLANG_WARN__DUPLICATE_METHOD_MATCH = YES;
				CODE_SIGN_IDENTITY = "-";
				COPY_PHASE_STRIP = NO;
				DEBUG_INFORMATION_FORMAT = "dwarf-with-dsym";
				ENABLE_NS_ASSERTIONS = NO;
				ENABLE_STRICT_OBJC_MSGSEND = YES;
				GCC_C_LANGUAGE_STANDARD = gnu99;
				GCC_NO_COMMON_BLOCKS = YES;
				GCC_WARN_64_TO_32_BIT_CONVERSION = YES;
				GCC_WARN_ABOUT_RETURN_TYPE = YES_ERROR;
				GCC_WARN_UNDECLARED_SELECTOR = YES;
				GCC_WARN_UNINITIALIZED_AUTOS = YES_AGGRESSIVE;
				GCC_WARN_UNUSED_FUNCTION = YES;
				GCC_WARN_UNUSED_VARIABLE = YES;
				MACOSX_DEPLOYMENT_TARGET = 10.12;
				MTL_ENABLE_DEBUG_INFO = NO;
				SDKROOT = macosx;
				SWIFT_OPTIMIZATION_LEVEL = "-Owholemodule";
			};
			name = Release;
		};
		CD6A46E71E9CEEC300F110C0 /* Debug */ = {
			isa = XCBuildConfiguration;
			buildSettings = {
				ASSETCATALOG_COMPILER_APPICON_NAME = AppIcon;
				COMBINE_HIDPI_IMAGES = YES;
				INFOPLIST_FILE = NetStat/Info.plist;
				LD_RUNPATH_SEARCH_PATHS = "$(inherited) @executable_path/../Frameworks";
				PRODUCT_BUNDLE_IDENTIFIER = com.gdg.NetStat;
				PRODUCT_NAME = "$(TARGET_NAME)";
				SWIFT_VERSION = 3.0;
			};
			name = Debug;
		};
		CD6A46E81E9CEEC300F110C0 /* Release */ = {
			isa = XCBuildConfiguration;
			buildSettings = {
				ASSETCATALOG_COMPILER_APPICON_NAME = AppIcon;
				COMBINE_HIDPI_IMAGES = YES;
				INFOPLIST_FILE = NetStat/Info.plist;
				LD_RUNPATH_SEARCH_PATHS = "$(inherited) @executable_path/../Frameworks";
				PRODUCT_BUNDLE_IDENTIFIER = com.gdg.NetStat;
				PRODUCT_NAME = "$(TARGET_NAME)";
				SWIFT_VERSION = 3.0;
			};
			name = Release;
		};
/* End XCBuildConfiguration section */

/* Begin XCConfigurationList section */
		CD6A46D41E9CEEC300F110C0 /* Build configuration list for PBXProject "NetStat" */ = {
			isa = XCConfigurationList;
			buildConfigurations = (
				CD6A46E41E9CEEC300F110C0 /* Debug */,
				CD6A46E51E9CEEC300F110C0 /* Release */,
			);
			defaultConfigurationIsVisible = 0;
			defaultConfigurationName = Release;
		};
		CD6A46E61E9CEEC300F110C0 /* Build configuration list for PBXNativeTarget "NetStat" */ = {
			isa = XCConfigurationList;
			buildConfigurations = (
				CD6A46E71E9CEEC300F110C0 /* Debug */,
				CD6A46E81E9CEEC300F110C0 /* Release */,
			);
			defaultConfigurationIsVisible = 0;
			defaultConfigurationName = Release;
		};
/* End XCConfigurationList section */
	};
	rootObject = CD6A46D11E9CEEC300F110C0 /* Project object */;
}
